
Microsoft Visual Studio Solution File, Format Version 12.00
# Visual Studio Version 17
VisualStudioVersion = 17.2.32630.192
MinimumVisualStudioVersion = 10.0.40219.1
Project("{FAE04EC0-301F-11D3-BF4B-00C04F79EFBC}") = "StokTakip", "StokTakip\StokTakip.csproj", "{E89CDAA7-257B-44A5-9833-C7ECB9F473BD}"
EndProject
Global
	GlobalSection(SolutionConfigurationPlatforms) = preSolution
		Debug|Any CPU = Debug|Any CPU
		Release|Any CPU = Release|Any CPU
	EndGlobalSection
	GlobalSection(ProjectConfigurationPlatforms) = postSolution
		{E89CDAA7-257B-44A5-9833-C7ECB9F473BD}.Debug|Any CPU.ActiveCfg = Debug|Any CPU
		{E89CDAA7-257B-44A5-9833-C7ECB9F473BD}.Debug|Any CPU.Build.0 = Debug|Any CPU
		{E89CDAA7-257B-44A5-9833-C7ECB9F473BD}.Release|Any CPU.ActiveCfg = Release|Any CPU
		{E89CDAA7-257B-44A5-9833-C7ECB9F473BD}.Release|Any CPU.Build.0 = Release|Any CPU
	EndGlobalSection
	GlobalSection(SolutionProperties) = preSolution
		HideSolutionNode = FALSE
	EndGlobalSection
	GlobalSection(ExtensibilityGlobals) = postSolution
		SolutionGuid = {BD3293F6-A228-4FDD-84C7-6ABE1CD74B8D}
	EndGlobalSection
EndGlobal
